
Microsoft Visual Studio Solution File, Format Version 12.00
# Visual Studio Version 16
VisualStudioVersion = 16.0.31624.102
MinimumVisualStudioVersion = 10.0.40219.1
Project("{9A19103F-16F7-4668-BE54-9A1E7A4F7556}") = "pz2", "pz2\pz2.csproj", "{A18E5F86-BAA0-4B2B-860D-5628A068CCCC}"
EndProject
Project("{FAE04EC0-301F-11D3-BF4B-00C04F79EFBC}") = "pz2Tests", "pz2Tests\pz2Tests.csproj", "{3DA073C8-4EFE-4793-A38A-18E0AD44CF19}"
EndProject
Global
	GlobalSection(SolutionConfigurationPlatforms) = preSolution
		Debug|Any CPU = Debug|Any CPU
		Release|Any CPU = Release|Any CPU
	EndGlobalSection
	GlobalSection(ProjectConfigurationPlatforms) = postSolution
		{A18E5F86-BAA0-4B2B-860D-5628A068CCCC}.Debug|Any CPU.ActiveCfg = Debug|Any CPU
		{A18E5F86-BAA0-4B2B-860D-5628A068CCCC}.Debug|Any CPU.Build.0 = Debug|Any CPU
		{A18E5F86-BAA0-4B2B-860D-5628A068CCCC}.Release|Any CPU.ActiveCfg = Release|Any CPU
		{A18E5F86-BAA0-4B2B-860D-5628A068CCCC}.Release|Any CPU.Build.0 = Release|Any CPU
		{3DA073C8-4EFE-4793-A38A-18E0AD44CF19}.Debug|Any CPU.ActiveCfg = Debug|Any CPU
		{3DA073C8-4EFE-4793-A38A-18E0AD44CF19}.Debug|Any CPU.Build.0 = Debug|Any CPU
		{3DA073C8-4EFE-4793-A38A-18E0AD44CF19}.Release|Any CPU.ActiveCfg = Release|Any CPU
		{3DA073C8-4EFE-4793-A38A-18E0AD44CF19}.Release|Any CPU.Build.0 = Release|Any CPU
	EndGlobalSection
	GlobalSection(SolutionProperties) = preSolution
		HideSolutionNode = FALSE
	EndGlobalSection
	GlobalSection(ExtensibilityGlobals) = postSolution
		SolutionGuid = {736930AB-72FF-4867-AF93-5C0EEEED4BA7}
	EndGlobalSection
EndGlobal
